
Microsoft Visual Studio Solution File, Format Version 12.00
# Visual Studio Version 16
VisualStudioVersion = 16.0.32106.194
MinimumVisualStudioVersion = 10.0.40219.1
Project("{FAE04EC0-301F-11D3-BF4B-00C04F79EFBC}") = "SoilSensorTesting", "SoilSensorTesting.csproj", "{520FCB9E-F005-446A-AC1E-D9368DA318B3}"
EndProject
Global
	GlobalSection(SolutionConfigurationPlatforms) = preSolution
		Debug|Any CPU = Debug|Any CPU
		Release|Any CPU = Release|Any CPU
	EndGlobalSection
	GlobalSection(ProjectConfigurationPlatforms) = postSolution
		{520FCB9E-F005-446A-AC1E-D9368DA318B3}.Debug|Any CPU.ActiveCfg = Debug|Any CPU
		{520FCB9E-F005-446A-AC1E-D9368DA318B3}.Debug|Any CPU.Build.0 = Debug|Any CPU
		{520FCB9E-F005-446A-AC1E-D9368DA318B3}.Release|Any CPU.ActiveCfg = Release|Any CPU
		{520FCB9E-F005-446A-AC1E-D9368DA318B3}.Release|Any CPU.Build.0 = Release|Any CPU
	EndGlobalSection
	GlobalSection(SolutionProperties) = preSolution
		HideSolutionNode = FALSE
	EndGlobalSection
	GlobalSection(ExtensibilityGlobals) = postSolution
		SolutionGuid = {F50E0D83-2A90-4031-833E-AA0818AC910A}
	EndGlobalSection
EndGlobal
